
Microsoft Visual Studio Solution File, Format Version 12.00
# Visual Studio Version 17
VisualStudioVersion = 17.14.36811.4 d17.14
MinimumVisualStudioVersion = 10.0.40219.1
Project("{FAE04EC0-301F-11D3-BF4B-00C04F79EFBC}") = "CursoDigio", "CursoDigio\CursoDigio.csproj", "{789F80B3-2580-4F51-9575-2819D06A2F0D}"
EndProject
Global
	GlobalSection(SolutionConfigurationPlatforms) = preSolution
		Debug|Any CPU = Debug|Any CPU
		Release|Any CPU = Release|Any CPU
	EndGlobalSection
	GlobalSection(ProjectConfigurationPlatforms) = postSolution
		{789F80B3-2580-4F51-9575-2819D06A2F0D}.Debug|Any CPU.ActiveCfg = Debug|Any CPU
		{789F80B3-2580-4F51-9575-2819D06A2F0D}.Debug|Any CPU.Build.0 = Debug|Any CPU
		{789F80B3-2580-4F51-9575-2819D06A2F0D}.Release|Any CPU.ActiveCfg = Release|Any CPU
		{789F80B3-2580-4F51-9575-2819D06A2F0D}.Release|Any CPU.Build.0 = Release|Any CPU
	EndGlobalSection
	GlobalSection(SolutionProperties) = preSolution
		HideSolutionNode = FALSE
	EndGlobalSection
	GlobalSection(ExtensibilityGlobals) = postSolution
		SolutionGuid = {D368B022-2357-4846-A639-074C19AD4D5C}
	EndGlobalSection
EndGlobal
